
Microsoft Visual Studio Solution File, Format Version 12.00
# Visual Studio Version 17
VisualStudioVersion = 17.1.32210.238
MinimumVisualStudioVersion = 10.0.40219.1
Project("{FAE04EC0-301F-11D3-BF4B-00C04F79EFBC}") = "CepteSokApp.Android", "CepteSokApp\CepteSokApp.Android\CepteSokApp.Android.csproj", "{E951B223-AE90-4530-9D87-1A183BD7120C}"
EndProject
Project("{FAE04EC0-301F-11D3-BF4B-00C04F79EFBC}") = "CepteSokApp.iOS", "CepteSokApp\CepteSokApp.iOS\CepteSokApp.iOS.csproj", "{F960DCB5-4285-47B0-9D5E-F783FA080F97}"
EndProject
Project("{FAE04EC0-301F-11D3-BF4B-00C04F79EFBC}") = "CepteSokApp", "CepteSokApp\CepteSokApp\CepteSokApp.csproj", "{82848FA8-7D56-436C-8591-44CFF3748020}"
EndProject
Global
	GlobalSection(SolutionConfigurationPlatforms) = preSolution
		Debug|Any CPU = Debug|Any CPU
		Debug|iPhone = Debug|iPhone
		Debug|iPhoneSimulator = Debug|iPhoneSimulator
		Release|Any CPU = Release|Any CPU
		Release|iPhone = Release|iPhone
		Release|iPhoneSimulator = Release|iPhoneSimulator
	EndGlobalSection
	GlobalSection(ProjectConfigurationPlatforms) = postSolution
		{E951B223-AE90-4530-9D87-1A183BD7120C}.Debug|Any CPU.ActiveCfg = Debug|Any CPU
		{E951B223-AE90-4530-9D87-1A183BD7120C}.Debug|Any CPU.Build.0 = Debug|Any CPU
		{E951B223-AE90-4530-9D87-1A183BD7120C}.Debug|Any CPU.Deploy.0 = Debug|Any CPU
		{E951B223-AE90-4530-9D87-1A183BD7120C}.Debug|iPhone.ActiveCfg = Debug|Any CPU
		{E951B223-AE90-4530-9D87-1A183BD7120C}.Debug|iPhone.Build.0 = Debug|Any CPU
		{E951B223-AE90-4530-9D87-1A183BD7120C}.Debug|iPhone.Deploy.0 = Debug|Any CPU
		{E951B223-AE90-4530-9D87-1A183BD7120C}.Debug|iPhoneSimulator.ActiveCfg = Debug|Any CPU
		{E951B223-AE90-4530-9D87-1A183BD7120C}.Debug|iPhoneSimulator.Build.0 = Debug|Any CPU
		{E951B223-AE90-4530-9D87-1A183BD7120C}.Debug|iPhoneSimulator.Deploy.0 = Debug|Any CPU
		{E951B223-AE90-4530-9D87-1A183BD7120C}.Release|Any CPU.ActiveCfg = Release|Any CPU
		{E951B223-AE90-4530-9D87-1A183BD7120C}.Release|Any CPU.Build.0 = Release|Any CPU
		{E951B223-AE90-4530-9D87-1A183BD7120C}.Release|Any CPU.Deploy.0 = Release|Any CPU
		{E951B223-AE90-4530-9D87-1A183BD7120C}.Release|iPhone.ActiveCfg = Release|Any CPU
		{E951B223-AE90-4530-9D87-1A183BD7120C}.Release|iPhone.Build.0 = Release|Any CPU
		{E951B223-AE90-4530-9D87-1A183BD7120C}.Release|iPhone.Deploy.0 = Release|Any CPU
		{E951B223-AE90-4530-9D87-1A183BD7120C}.Release|iPhoneSimulator.ActiveCfg = Release|Any CPU
		{E951B223-AE90-4530-9D87-1A183BD7120C}.Release|iPhoneSimulator.Build.0 = Release|Any CPU
		{E951B223-AE90-4530-9D87-1A183BD7120C}.Release|iPhoneSimulator.Deploy.0 = Release|Any CPU
		{F960DCB5-4285-47B0-9D5E-F783FA080F97}.Debug|Any CPU.ActiveCfg = Debug|iPhone
		{F960DCB5-4285-47B0-9D5E-F783FA080F97}.Debug|Any CPU.Build.0 = Debug|iPhone
		{F960DCB5-4285-47B0-9D5E-F783FA080F97}.Debug|Any CPU.Deploy.0 = Debug|iPhone
		{F960DCB5-4285-47B0-9D5E-F783FA080F97}.Debug|iPhone.ActiveCfg = Debug|iPhone
		{F960DCB5-4285-47B0-9D5E-F783FA080F97}.Debug|iPhone.Build.0 = Debug|iPhone
		{F960DCB5-4285-47B0-9D5E-F783FA080F97}.Debug|iPhone.Deploy.0 = Debug|iPhone
		{F960DCB5-4285-47B0-9D5E-F783FA080F97}.Debug|iPhoneSimulator.ActiveCfg = Debug|iPhoneSimulator
		{F960DCB5-4285-47B0-9D5E-F783FA080F97}.Debug|iPhoneSimulator.Build.0 = Debug|iPhoneSimulator
		{F960DCB5-4285-47B0-9D5E-F783FA080F97}.Debug|iPhoneSimulator.Deploy.0 = Debug|iPhoneSimulator
		{F960DCB5-4285-47B0-9D5E-F783FA080F97}.Release|Any CPU.ActiveCfg = Release|iPhoneSimulator
		{F960DCB5-4285-47B0-9D5E-F783FA080F97}.Release|Any CPU.Build.0 = Release|iPhoneSimulator
		{F960DCB5-4285-47B0-9D5E-F783FA080F97}.Release|Any CPU.Deploy.0 = Release|iPhoneSimulator
		{F960DCB5-4285-47B0-9D5E-F783FA080F97}.Release|iPhone.ActiveCfg = Release|iPhone
		{F960DCB5-4285-47B0-9D5E-F783FA080F97}.Release|iPhone.Build.0 = Release|iPhone
		{F960DCB5-4285-47B0-9D5E-F783FA080F97}.Release|iPhone.Deploy.0 = Release|iPhone
		{F960DCB5-4285-47B0-9D5E-F783FA080F97}.Release|iPhoneSimulator.ActiveCfg = Release|iPhoneSimulator
		{F960DCB5-4285-47B0-9D5E-F783FA080F97}.Release|iPhoneSimulator.Build.0 = Release|iPhoneSimulator
		{F960DCB5-4285-47B0-9D5E-F783FA080F97}.Release|iPhoneSimulator.Deploy.0 = Release|iPhoneSimulator
		{82848FA8-7D56-436C-8591-44CFF3748020}.Debug|Any CPU.ActiveCfg = Debug|Any CPU
		{82848FA8-7D56-436C-8591-44CFF3748020}.Debug|Any CPU.Build.0 = Debug|Any CPU
		{82848FA8-7D56-436C-8591-44CFF3748020}.Debug|Any CPU.Deploy.0 = Debug|Any CPU
		{82848FA8-7D56-436C-8591-44CFF3748020}.Debug|iPhone.ActiveCfg = Debug|Any CPU
		{82848FA8-7D56-436C-8591-44CFF3748020}.Debug|iPhone.Build.0 = Debug|Any CPU
		{82848FA8-7D56-436C-8591-44CFF3748020}.Debug|iPhone.Deploy.0 = Debug|Any CPU
		{82848FA8-7D56-436C-8591-44CFF3748020}.Debug|iPhoneSimulator.ActiveCfg = Debug|Any CPU
		{82848FA8-7D56-436C-8591-44CFF3748020}.Debug|iPhoneSimulator.Build.0 = Debug|Any CPU
		{82848FA8-7D56-436C-8591-44CFF3748020}.Debug|iPhoneSimulator.Deploy.0 = Debug|Any CPU
		{82848FA8-7D56-436C-8591-44CFF3748020}.Release|Any CPU.ActiveCfg = Release|Any CPU
		{82848FA8-7D56-436C-8591-44CFF3748020}.Release|Any CPU.Build.0 = Release|Any CPU
		{82848FA8-7D56-436C-8591-44CFF3748020}.Release|Any CPU.Deploy.0 = Release|Any CPU
		{82848FA8-7D56-436C-8591-44CFF3748020}.Release|iPhone.ActiveCfg = Release|Any CPU
		{82848FA8-7D56-436C-8591-44CFF3748020}.Release|iPhone.Build.0 = Release|Any CPU
		{82848FA8-7D56-436C-8591-44CFF3748020}.Release|iPhone.Deploy.0 = Release|Any CPU
		{82848FA8-7D56-436C-8591-44CFF3748020}.Release|iPhoneSimulator.ActiveCfg = Release|Any CPU
		{82848FA8-7D56-436C-8591-44CFF3748020}.Release|iPhoneSimulator.Build.0 = Release|Any CPU
		{82848FA8-7D56-436C-8591-44CFF3748020}.Release|iPhoneSimulator.Deploy.0 = Release|Any CPU
	EndGlobalSection
	GlobalSection(SolutionProperties) = preSolution
		HideSolutionNode = FALSE
	EndGlobalSection
	GlobalSection(ExtensibilityGlobals) = postSolution
		SolutionGuid = {2277048E-5265-4722-B045-F42393DFB2F2}
	EndGlobalSection
EndGlobal
